version = 1
requires-python = ">=3.13"

[[package]]
name = "basedpyright"
version = "1.20.0"
source = { registry = "https://pypi.org/simple" }
dependencies = [
    { name = "nodejs-wheel-binaries" },
]
sdist = { url = "https://files.pythonhosted.org/packages/c0/5a/f3384cdd09c9897f9c7107b0188e518624ff7e9e15aaaa6ea6de7cd398e5/basedpyright-1.20.0.tar.gz", hash = "sha256:0a9573b3947927dad915b13db520f48810676b9b0b894128743d5f442134b361", size = 20794860 }
wheels = [
    { url = "https://files.pythonhosted.org/packages/2c/cc/ee453da3373fc0dc0590df8b36d34380c95494913f37c4ffbcf3019519e7/basedpyright-1.20.0-py3-none-any.whl", hash = "sha256:65de9f930ca327e74f2281da8e9b51d56a04efb25a1ba8ec5767c21751cdb2c3", size = 11147986 },
]

[[package]]
name = "cfgv"
version = "3.4.0"
source = { registry = "https://pypi.org/simple" }
sdist = { url = "https://files.pythonhosted.org/packages/11/74/539e56497d9bd1d484fd863dd69cbbfa653cd2aa27abfe35653494d85e94/cfgv-3.4.0.tar.gz", hash = "sha256:e52591d4c5f5dead8e0f673fb16db7949d2cfb3f7da4582893288f0ded8fe560", size = 7114 }
wheels = [
    { url = "https://files.pythonhosted.org/packages/c5/55/51844dd50c4fc7a33b653bfaba4c2456f06955289ca770a5dbd5fd267374/cfgv-3.4.0-py2.py3-none-any.whl", hash = "sha256:b7265b1f29fd3316bfcd2b330d63d024f2bfd8bcb8b0272f8e19a504856c48f9", size = 7249 },
]

[[package]]
name = "colorama"
version = "0.4.6"
source = { registry = "https://pypi.org/simple" }
sdist = { url = "https://files.pythonhosted.org/packages/d8/53/6f443c9a4a8358a93a6792e2acffb9d9d5cb0a5cfd8802644b7b1c9a02e4/colorama-0.4.6.tar.gz", hash = "sha256:08695f5cb7ed6e0531a20572697297273c47b8cae5a63ffc6d6ed5c201be6e44", size = 27697 }
wheels = [
    { url = "https://files.pythonhosted.org/packages/d1/d6/3965ed04c63042e047cb6a3e6ed1a63a35087b6a609aa3a15ed8ac56c221/colorama-0.4.6-py2.py3-none-any.whl", hash = "sha256:4f1d9991f5acc0ca119f9d443620b77f9d6b33703e51011c16baf57afb285fc6", size = 25335 },
]

[[package]]
name = "distlib"
version = "0.3.9"
source = { registry = "https://pypi.org/simple" }
sdist = { url = "https://files.pythonhosted.org/packages/0d/dd/1bec4c5ddb504ca60fc29472f3d27e8d4da1257a854e1d96742f15c1d02d/distlib-0.3.9.tar.gz", hash = "sha256:a60f20dea646b8a33f3e7772f74dc0b2d0772d2837ee1342a00645c81edf9403", size = 613923 }
wheels = [
    { url = "https://files.pythonhosted.org/packages/91/a1/cf2472db20f7ce4a6be1253a81cfdf85ad9c7885ffbed7047fb72c24cf87/distlib-0.3.9-py2.py3-none-any.whl", hash = "sha256:47f8c22fd27c27e25a65601af709b38e4f0a45ea4fc2e710f65755fa8caaaf87", size = 468973 },
]

[[package]]
name = "filelock"
version = "3.16.1"
source = { registry = "https://pypi.org/simple" }
sdist = { url = "https://files.pythonhosted.org/packages/9d/db/3ef5bb276dae18d6ec2124224403d1d67bccdbefc17af4cc8f553e341ab1/filelock-3.16.1.tar.gz", hash = "sha256:c249fbfcd5db47e5e2d6d62198e565475ee65e4831e2561c8e313fa7eb961435", size = 18037 }
wheels = [
    { url = "https://files.pythonhosted.org/packages/b9/f8/feced7779d755758a52d1f6635d990b8d98dc0a29fa568bbe0625f18fdf3/filelock-3.16.1-py3-none-any.whl", hash = "sha256:2082e5703d51fbf98ea75855d9d5527e33d8ff23099bec374a134febee6946b0", size = 16163 },
]

[[package]]
name = "identify"
version = "2.6.1"
source = { registry = "https://pypi.org/simple" }
sdist = { url = "https://files.pythonhosted.org/packages/29/bb/25024dbcc93516c492b75919e76f389bac754a3e4248682fba32b250c880/identify-2.6.1.tar.gz", hash = "sha256:91478c5fb7c3aac5ff7bf9b4344f803843dc586832d5f110d672b19aa1984c98", size = 99097 }
wheels = [
    { url = "https://files.pythonhosted.org/packages/7d/0c/4ef72754c050979fdcc06c744715ae70ea37e734816bb6514f79df77a42f/identify-2.6.1-py2.py3-none-any.whl", hash = "sha256:53863bcac7caf8d2ed85bd20312ea5dcfc22226800f6d6881f232d861db5a8f0", size = 98972 },
]

[[package]]
name = "iniconfig"
version = "2.0.0"
source = { registry = "https://pypi.org/simple" }
sdist = { url = "https://files.pythonhosted.org/packages/d7/4b/cbd8e699e64a6f16ca3a8220661b5f83792b3017d0f79807cb8708d33913/iniconfig-2.0.0.tar.gz", hash = "sha256:2d91e135bf72d31a410b17c16da610a82cb55f6b0477d1a902134b24a455b8b3", size = 4646 }
wheels = [
    { url = "https://files.pythonhosted.org/packages/ef/a6/62565a6e1cf69e10f5727360368e451d4b7f58beeac6173dc9db836a5b46/iniconfig-2.0.0-py3-none-any.whl", hash = "sha256:b6a85871a79d2e3b22d2d1b94ac2824226a63c6b741c88f7ae975f18b6778374", size = 5892 },
]

[[package]]
name = "iterdot"
version = "0.2.0"
source = { editable = "." }

[package.dev-dependencies]
ci = [
    { name = "pre-commit" },
]
dev = [
    { name = "basedpyright" },
    { name = "pre-commit" },
    { name = "pytest" },
    { name = "ruff" },
]
lint = [
    { name = "ruff" },
]
test = [
    { name = "pytest" },
]
typing = [
    { name = "basedpyright" },
]

[package.metadata]

[package.metadata.requires-dev]
ci = [{ name = "pre-commit", specifier = ">=4.0.1" }]
dev = [
    { name = "basedpyright", specifier = ">=1.19.0" },
    { name = "pre-commit", specifier = ">=4.0.1" },
    { name = "pytest", specifier = ">=8.3.3" },
    { name = "ruff", specifier = ">=0.7.0" },
]
lint = [{ name = "ruff", specifier = ">=0.7.0" }]
test = [{ name = "pytest", specifier = ">=8.3.3" }]
typing = [{ name = "basedpyright", specifier = ">=1.19.0" }]

[[package]]
name = "nodeenv"
version = "1.9.1"
source = { registry = "https://pypi.org/simple" }
sdist = { url = "https://files.pythonhosted.org/packages/43/16/fc88b08840de0e0a72a2f9d8c6bae36be573e475a6326ae854bcc549fc45/nodeenv-1.9.1.tar.gz", hash = "sha256:6ec12890a2dab7946721edbfbcd91f3319c6ccc9aec47be7c7e6b7011ee6645f", size = 47437 }
wheels = [
    { url = "https://files.pythonhosted.org/packages/d2/1d/1b658dbd2b9fa9c4c9f32accbfc0205d532c8c6194dc0f2a4c0428e7128a/nodeenv-1.9.1-py2.py3-none-any.whl", hash = "sha256:ba11c9782d29c27c70ffbdda2d7415098754709be8a7056d79a737cd901155c9", size = 22314 },
]

[[package]]
name = "nodejs-wheel-binaries"
version = "22.11.0"
source = { registry = "https://pypi.org/simple" }
sdist = { url = "https://files.pythonhosted.org/packages/b7/29/1ae5b1d715cb0a3d72ca09cacc4f75d274010bddb2372c61b981a068e47d/nodejs_wheel_binaries-22.11.0.tar.gz", hash = "sha256:e67f4e4a646bba24baa2150460c9cfbde0f75169ba37e58a2341930a5c1456ee", size = 7004 }
wheels = [
    { url = "https://files.pythonhosted.org/packages/a5/16/4cd2c0791567ee7b0203c3c6b59341854f0aeecb7315159d634c2b54b6d4/nodejs_wheel_binaries-22.11.0-py2.py3-none-macosx_11_0_arm64.whl", hash = "sha256:00afada277fd6e945a74f881831aaf1bb7f853a15e15e8c998238ab88d327f6a", size = 50288370 },
    { url = "https://files.pythonhosted.org/packages/c9/94/0677ace2cdd1a7ce61d7b2fedafb76818aaee94c14e817fd990f45f4f125/nodejs_wheel_binaries-22.11.0-py2.py3-none-macosx_11_0_x86_64.whl", hash = "sha256:f29471263d65a66520a04a0e74ff641a775df1135283f0b4d1826048932b289d", size = 51107812 },
    { url = "https://files.pythonhosted.org/packages/d4/69/a3d4c761044de8cedd962b20ed4ae4d8a574b4e3e015f8a111549b815b62/nodejs_wheel_binaries-22.11.0-py2.py3-none-manylinux_2_17_aarch64.manylinux2014_aarch64.whl", hash = "sha256:bd2ff0e20389f22927e311ccab69c1ecb34c3431fa809d1548e7000dc8248680", size = 56384790 },
    { url = "https://files.pythonhosted.org/packages/d8/16/e34cf573096e7b25c85829e99f7e47d6cda0a6cdc4bd078d6bcdcb4dc979/nodejs_wheel_binaries-22.11.0-py2.py3-none-manylinux_2_17_x86_64.manylinux2014_x86_64.whl", hash = "sha256:a9545cc43f1ba2c9f467f3444e9cd7f8db059933be1a5215135610dee5b38bf3", size = 56713946 },
    { url = "https://files.pythonhosted.org/packages/a6/8a/ec28fe41159f51d9147d141d446305ce0494cb79966b79cd308c6bea9911/nodejs_wheel_binaries-22.11.0-py2.py3-none-musllinux_1_2_x86_64.whl", hash = "sha256:43a277cbabf4b68e0a4798578a4f17e5f518ada1f79a174bfde06eb2bb47e730", size = 58814450 },
    { url = "https://files.pythonhosted.org/packages/68/69/f0dbbf72c8bdd9149ee00427c282d392da7fad9c53bd96f4844c2ab9021c/nodejs_wheel_binaries-22.11.0-py2.py3-none-win_amd64.whl", hash = "sha256:8310ab182ee159141e08c85bc07f11e67ac3044922e6e4958f4a8f3ba6860185", size = 39331516 },
]

[[package]]
name = "packaging"
version = "24.1"
source = { registry = "https://pypi.org/simple" }
sdist = { url = "https://files.pythonhosted.org/packages/51/65/50db4dda066951078f0a96cf12f4b9ada6e4b811516bf0262c0f4f7064d4/packaging-24.1.tar.gz", hash = "sha256:026ed72c8ed3fcce5bf8950572258698927fd1dbda10a5e981cdf0ac37f4f002", size = 148788 }
wheels = [
    { url = "https://files.pythonhosted.org/packages/08/aa/cc0199a5f0ad350994d660967a8efb233fe0416e4639146c089643407ce6/packaging-24.1-py3-none-any.whl", hash = "sha256:5b8f2217dbdbd2f7f384c41c628544e6d52f2d0f53c6d0c3ea61aa5d1d7ff124", size = 53985 },
]

[[package]]
name = "platformdirs"
version = "4.3.6"
source = { registry = "https://pypi.org/simple" }
sdist = { url = "https://files.pythonhosted.org/packages/13/fc/128cc9cb8f03208bdbf93d3aa862e16d376844a14f9a0ce5cf4507372de4/platformdirs-4.3.6.tar.gz", hash = "sha256:357fb2acbc885b0419afd3ce3ed34564c13c9b95c89360cd9563f73aa5e2b907", size = 21302 }
wheels = [
    { url = "https://files.pythonhosted.org/packages/3c/a6/bc1012356d8ece4d66dd75c4b9fc6c1f6650ddd5991e421177d9f8f671be/platformdirs-4.3.6-py3-none-any.whl", hash = "sha256:73e575e1408ab8103900836b97580d5307456908a03e92031bab39e4554cc3fb", size = 18439 },
]

[[package]]
name = "pluggy"
version = "1.5.0"
source = { registry = "https://pypi.org/simple" }
sdist = { url = "https://files.pythonhosted.org/packages/96/2d/02d4312c973c6050a18b314a5ad0b3210edb65a906f868e31c111dede4a6/pluggy-1.5.0.tar.gz", hash = "sha256:2cffa88e94fdc978c4c574f15f9e59b7f4201d439195c3715ca9e2486f1d0cf1", size = 67955 }
wheels = [
    { url = "https://files.pythonhosted.org/packages/88/5f/e351af9a41f866ac3f1fac4ca0613908d9a41741cfcf2228f4ad853b697d/pluggy-1.5.0-py3-none-any.whl", hash = "sha256:44e1ad92c8ca002de6377e165f3e0f1be63266ab4d554740532335b9d75ea669", size = 20556 },
]

[[package]]
name = "pre-commit"
version = "4.0.1"
source = { registry = "https://pypi.org/simple" }
dependencies = [
    { name = "cfgv" },
    { name = "identify" },
    { name = "nodeenv" },
    { name = "pyyaml" },
    { name = "virtualenv" },
]
sdist = { url = "https://files.pythonhosted.org/packages/2e/c8/e22c292035f1bac8b9f5237a2622305bc0304e776080b246f3df57c4ff9f/pre_commit-4.0.1.tar.gz", hash = "sha256:80905ac375958c0444c65e9cebebd948b3cdb518f335a091a670a89d652139d2", size = 191678 }
wheels = [
    { url = "https://files.pythonhosted.org/packages/16/8f/496e10d51edd6671ebe0432e33ff800aa86775d2d147ce7d43389324a525/pre_commit-4.0.1-py2.py3-none-any.whl", hash = "sha256:efde913840816312445dc98787724647c65473daefe420785f885e8ed9a06878", size = 218713 },
]

[[package]]
name = "pytest"
version = "8.3.3"
source = { registry = "https://pypi.org/simple" }
dependencies = [
    { name = "colorama", marker = "sys_platform == 'win32'" },
    { name = "iniconfig" },
    { name = "packaging" },
    { name = "pluggy" },
]
sdist = { url = "https://files.pythonhosted.org/packages/8b/6c/62bbd536103af674e227c41a8f3dcd022d591f6eed5facb5a0f31ee33bbc/pytest-8.3.3.tar.gz", hash = "sha256:70b98107bd648308a7952b06e6ca9a50bc660be218d53c257cc1fc94fda10181", size = 1442487 }
wheels = [
    { url = "https://files.pythonhosted.org/packages/6b/77/7440a06a8ead44c7757a64362dd22df5760f9b12dc5f11b6188cd2fc27a0/pytest-8.3.3-py3-none-any.whl", hash = "sha256:a6853c7375b2663155079443d2e45de913a911a11d669df02a50814944db57b2", size = 342341 },
]

[[package]]
name = "pyyaml"
version = "6.0.2"
source = { registry = "https://pypi.org/simple" }
sdist = { url = "https://files.pythonhosted.org/packages/54/ed/79a089b6be93607fa5cdaedf301d7dfb23af5f25c398d5ead2525b063e17/pyyaml-6.0.2.tar.gz", hash = "sha256:d584d9ec91ad65861cc08d42e834324ef890a082e591037abe114850ff7bbc3e", size = 130631 }
wheels = [
    { url = "https://files.pythonhosted.org/packages/ef/e3/3af305b830494fa85d95f6d95ef7fa73f2ee1cc8ef5b495c7c3269fb835f/PyYAML-6.0.2-cp313-cp313-macosx_10_13_x86_64.whl", hash = "sha256:efdca5630322a10774e8e98e1af481aad470dd62c3170801852d752aa7a783ba", size = 181309 },
    { url = "https://files.pythonhosted.org/packages/45/9f/3b1c20a0b7a3200524eb0076cc027a970d320bd3a6592873c85c92a08731/PyYAML-6.0.2-cp313-cp313-macosx_11_0_arm64.whl", hash = "sha256:50187695423ffe49e2deacb8cd10510bc361faac997de9efef88badc3bb9e2d1", size = 171679 },
    { url = "https://files.pythonhosted.org/packages/7c/9a/337322f27005c33bcb656c655fa78325b730324c78620e8328ae28b64d0c/PyYAML-6.0.2-cp313-cp313-manylinux_2_17_aarch64.manylinux2014_aarch64.whl", hash = "sha256:0ffe8360bab4910ef1b9e87fb812d8bc0a308b0d0eef8c8f44e0254ab3b07133", size = 733428 },
    { url = "https://files.pythonhosted.org/packages/a3/69/864fbe19e6c18ea3cc196cbe5d392175b4cf3d5d0ac1403ec3f2d237ebb5/PyYAML-6.0.2-cp313-cp313-manylinux_2_17_s390x.manylinux2014_s390x.whl", hash = "sha256:17e311b6c678207928d649faa7cb0d7b4c26a0ba73d41e99c4fff6b6c3276484", size = 763361 },
    { url = "https://files.pythonhosted.org/packages/04/24/b7721e4845c2f162d26f50521b825fb061bc0a5afcf9a386840f23ea19fa/PyYAML-6.0.2-cp313-cp313-manylinux_2_17_x86_64.manylinux2014_x86_64.whl", hash = "sha256:70b189594dbe54f75ab3a1acec5f1e3faa7e8cf2f1e08d9b561cb41b845f69d5", size = 759523 },
    { url = "https://files.pythonhosted.org/packages/2b/b2/e3234f59ba06559c6ff63c4e10baea10e5e7df868092bf9ab40e5b9c56b6/PyYAML-6.0.2-cp313-cp313-musllinux_1_1_aarch64.whl", hash = "sha256:41e4e3953a79407c794916fa277a82531dd93aad34e29c2a514c2c0c5fe971cc", size = 726660 },
    { url = "https://files.pythonhosted.org/packages/fe/0f/25911a9f080464c59fab9027482f822b86bf0608957a5fcc6eaac85aa515/PyYAML-6.0.2-cp313-cp313-musllinux_1_1_x86_64.whl", hash = "sha256:68ccc6023a3400877818152ad9a1033e3db8625d899c72eacb5a668902e4d652", size = 751597 },
    { url = "https://files.pythonhosted.org/packages/14/0d/e2c3b43bbce3cf6bd97c840b46088a3031085179e596d4929729d8d68270/PyYAML-6.0.2-cp313-cp313-win32.whl", hash = "sha256:bc2fa7c6b47d6bc618dd7fb02ef6fdedb1090ec036abab80d4681424b84c1183", size = 140527 },
    { url = "https://files.pythonhosted.org/packages/fa/de/02b54f42487e3d3c6efb3f89428677074ca7bf43aae402517bc7cca949f3/PyYAML-6.0.2-cp313-cp313-win_amd64.whl", hash = "sha256:8388ee1976c416731879ac16da0aff3f63b286ffdd57cdeb95f3f2e085687563", size = 156446 },
]

[[package]]
name = "ruff"
version = "0.7.2"
source = { registry = "https://pypi.org/simple" }
sdist = { url = "https://files.pythonhosted.org/packages/95/51/231bb3790e5b0b9fd4131f9a231d73d061b3667522e3f406fd9b63334d0e/ruff-0.7.2.tar.gz", hash = "sha256:2b14e77293380e475b4e3a7a368e14549288ed2931fce259a6f99978669e844f", size = 3210036 }
wheels = [
    { url = "https://files.pythonhosted.org/packages/5c/56/0caa2b5745d66a39aa239c01059f6918fc76ed8380033d2f44bf297d141d/ruff-0.7.2-py3-none-linux_armv6l.whl", hash = "sha256:b73f873b5f52092e63ed540adefc3c36f1f803790ecf2590e1df8bf0a9f72cb8", size = 10373973 },
    { url = "https://files.pythonhosted.org/packages/1a/33/cad6ff306731f335d481c50caa155b69a286d5b388e87ff234cd2a4b3557/ruff-0.7.2-py3-none-macosx_10_12_x86_64.whl", hash = "sha256:5b813ef26db1015953daf476202585512afd6a6862a02cde63f3bafb53d0b2d4", size = 10171140 },
    { url = "https://files.pythonhosted.org/packages/97/f5/6a2ca5c9ba416226eac9cf8121a1baa6f06655431937e85f38ffcb9d0d01/ruff-0.7.2-py3-none-macosx_11_0_arm64.whl", hash = "sha256:853277dbd9675810c6826dad7a428d52a11760744508340e66bf46f8be9701d9", size = 9809333 },
    { url = "https://files.pythonhosted.org/packages/16/83/e3e87f13d1a1dc205713632978cd7bc287a59b08bc95780dbe359b9aefcb/ruff-0.7.2-py3-none-manylinux_2_17_aarch64.manylinux2014_aarch64.whl", hash = "sha256:21aae53ab1490a52bf4e3bf520c10ce120987b047c494cacf4edad0ba0888da2", size = 10622987 },
    { url = "https://files.pythonhosted.org/packages/22/16/97ccab194480e99a2e3c77ae132b3eebfa38c2112747570c403a4a13ba3a/ruff-0.7.2-py3-none-manylinux_2_17_armv7l.manylinux2014_armv7l.whl", hash = "sha256:ccc7e0fc6e0cb3168443eeadb6445285abaae75142ee22b2b72c27d790ab60ba", size = 10184640 },
    { url = "https://files.pythonhosted.org/packages/97/1b/82ff05441b036f68817296c14f24da47c591cb27acfda473ee571a5651ac/ruff-0.7.2-py3-none-manylinux_2_17_i686.manylinux2014_i686.whl", hash = "sha256:fd77877a4e43b3a98e5ef4715ba3862105e299af0c48942cc6d51ba3d97dc859", size = 11210203 },
    { url = "https://files.pythonhosted.org/packages/a6/96/7ecb30a7ef7f942e2d8e0287ad4c1957dddc6c5097af4978c27cfc334f97/ruff-0.7.2-py3-none-manylinux_2_17_ppc64.manylinux2014_ppc64.whl", hash = "sha256:e00163fb897d35523c70d71a46fbaa43bf7bf9af0f4534c53ea5b96b2e03397b", size = 11870894 },
    { url = "https://files.pythonhosted.org/packages/06/6a/c716bb126218227f8e604a9c484836257708a05ee3d2ebceb666ff3d3867/ruff-0.7.2-py3-none-manylinux_2_17_ppc64le.manylinux2014_ppc64le.whl", hash = "sha256:f3c54b538633482dc342e9b634d91168fe8cc56b30a4b4f99287f4e339103e88", size = 11449533 },
    { url = "https://files.pythonhosted.org/packages/e6/2f/3a5f9f9478904e5ae9506ea699109070ead1e79aac041e872cbaad8a7458/ruff-0.7.2-py3-none-manylinux_2_17_s390x.manylinux2014_s390x.whl", hash = "sha256:7b792468e9804a204be221b14257566669d1db5c00d6bb335996e5cd7004ba80", size = 12607919 },
    { url = "https://files.pythonhosted.org/packages/a0/57/4642e57484d80d274750dcc872ea66655bbd7e66e986fede31e1865b463d/ruff-0.7.2-py3-none-manylinux_2_17_x86_64.manylinux2014_x86_64.whl", hash = "sha256:dba53ed84ac19ae4bfb4ea4bf0172550a2285fa27fbb13e3746f04c80f7fa088", size = 11016915 },
    { url = "https://files.pythonhosted.org/packages/4d/6d/59be6680abee34c22296ae3f46b2a3b91662b8b18ab0bf388b5eb1355c97/ruff-0.7.2-py3-none-musllinux_1_2_aarch64.whl", hash = "sha256:b19fafe261bf741bca2764c14cbb4ee1819b67adb63ebc2db6401dcd652e3748", size = 10625424 },
    { url = "https://files.pythonhosted.org/packages/82/e7/f6a643683354c9bc7879d2f228ee0324fea66d253de49273a0814fba1927/ruff-0.7.2-py3-none-musllinux_1_2_armv7l.whl", hash = "sha256:28bd8220f4d8f79d590db9e2f6a0674f75ddbc3847277dd44ac1f8d30684b828", size = 10233692 },
    { url = "https://files.pythonhosted.org/packages/d7/48/b4e02fc835cd7ed1ee7318d9c53e48bcf6b66301f55925a7dcb920e45532/ruff-0.7.2-py3-none-musllinux_1_2_i686.whl", hash = "sha256:9fd67094e77efbea932e62b5d2483006154794040abb3a5072e659096415ae1e", size = 10751825 },
    { url = "https://files.pythonhosted.org/packages/1e/06/6c5ee6ab7bb4cbad9e8bb9b2dd0d818c759c90c1c9e057c6ed70334b97f4/ruff-0.7.2-py3-none-musllinux_1_2_x86_64.whl", hash = "sha256:576305393998b7bd6c46018f8104ea3a9cb3fa7908c21d8580e3274a3b04b691", size = 11074811 },
    { url = "https://files.pythonhosted.org/packages/a1/16/8969304f25bcd0e4af1778342e63b715e91db8a2dbb51807acd858cba915/ruff-0.7.2-py3-none-win32.whl", hash = "sha256:fa993cfc9f0ff11187e82de874dfc3611df80852540331bc85c75809c93253a8", size = 8650268 },
    { url = "https://files.pythonhosted.org/packages/d9/18/c4b00d161def43fe5968e959039c8f6ce60dca762cec4a34e4e83a4210a0/ruff-0.7.2-py3-none-win_amd64.whl", hash = "sha256:dd8800cbe0254e06b8fec585e97554047fb82c894973f7ff18558eee33d1cb88", size = 9433693 },
    { url = "https://files.pythonhosted.org/packages/7f/7b/c920673ac01c19814dd15fc617c02301c522f3d6812ca2024f4588ed4549/ruff-0.7.2-py3-none-win_arm64.whl", hash = "sha256:bb8368cd45bba3f57bb29cbb8d64b4a33f8415d0149d2655c5c8539452ce7760", size = 8735845 },
]

[[package]]
name = "virtualenv"
version = "20.27.1"
source = { registry = "https://pypi.org/simple" }
dependencies = [
    { name = "distlib" },
    { name = "filelock" },
    { name = "platformdirs" },
]
sdist = { url = "https://files.pythonhosted.org/packages/8c/b3/7b6a79c5c8cf6d90ea681310e169cf2db2884f4d583d16c6e1d5a75a4e04/virtualenv-20.27.1.tar.gz", hash = "sha256:142c6be10212543b32c6c45d3d3893dff89112cc588b7d0879ae5a1ec03a47ba", size = 6491145 }
wheels = [
    { url = "https://files.pythonhosted.org/packages/ae/92/78324ff89391e00c8f4cf6b8526c41c6ef36b4ea2d2c132250b1a6fc2b8d/virtualenv-20.27.1-py3-none-any.whl", hash = "sha256:f11f1b8a29525562925f745563bfd48b189450f61fb34c4f9cc79dd5aa32a1f4", size = 3117838 },
]
